
Microsoft Visual Studio Solution File, Format Version 12.00
# Visual Studio Version 16
VisualStudioVersion = 16.0.29806.167
MinimumVisualStudioVersion = 10.0.40219.1
Project("{8BC9CEB8-8B4A-11D0-8D11-00A0C91BC942}") = "pocu_ass2", "pocu_ass2.vcxproj", "{1755F2EA-A706-411B-90D4-C9A169A35CBD}"
EndProject
Global
	GlobalSection(SolutionConfigurationPlatforms) = preSolution
		Debug|x64 = Debug|x64
		Debug|x86 = Debug|x86
		Release|x64 = Release|x64
		Release|x86 = Release|x86
	EndGlobalSection
	GlobalSection(ProjectConfigurationPlatforms) = postSolution
		{1755F2EA-A706-411B-90D4-C9A169A35CBD}.Debug|x64.ActiveCfg = Debug|x64
		{1755F2EA-A706-411B-90D4-C9A169A35CBD}.Debug|x64.Build.0 = Debug|x64
		{1755F2EA-A706-411B-90D4-C9A169A35CBD}.Debug|x86.ActiveCfg = Debug|Win32
		{1755F2EA-A706-411B-90D4-C9A169A35CBD}.Debug|x86.Build.0 = Debug|Win32
		{1755F2EA-A706-411B-90D4-C9A169A35CBD}.Release|x64.ActiveCfg = Release|x64
		{1755F2EA-A706-411B-90D4-C9A169A35CBD}.Release|x64.Build.0 = Release|x64
		{1755F2EA-A706-411B-90D4-C9A169A35CBD}.Release|x86.ActiveCfg = Release|Win32
		{1755F2EA-A706-411B-90D4-C9A169A35CBD}.Release|x86.Build.0 = Release|Win32
	EndGlobalSection
	GlobalSection(SolutionProperties) = preSolution
		HideSolutionNode = FALSE
	EndGlobalSection
	GlobalSection(ExtensibilityGlobals) = postSolution
		SolutionGuid = {B15A1BCA-21AC-49BD-9611-1D7D583FC3FB}
	EndGlobalSection
EndGlobal
